{
  "name": "playground-volar-vscode-extension-on-ts-plugin",
  "lockfileVersion": 3,
  "requires": true,
  "packages": {
    "": {
      "name": "playground-volar-vscode-extension-on-ts-plugin",
      "license": "CC0-1.0",
      "workspaces": [
        "packages/ts-plugin",
        "packages/vscode",
        "packages/example"
      ],
      "devDependencies": {
        "@types/node": "^24.3.0",
        "@types/vscode": "^1.103.0",
        "typescript": "^5.9.2"
      }
    },
    "example": {
      "extraneous": true
    },
    "extension": {
      "name": "vscode-css-modules",
      "version": "0.0.0",
      "extraneous": true,
      "license": "MIT",
      "dependencies": {
        "typescript-plugin-css-modules": "../"
      },
      "engines": {
        "vscode": "^1.77.0"
      }
    },
    "node_modules/@types/node": {
      "version": "24.3.0",
      "resolved": "https://registry.npmjs.org/@types/node/-/node-24.3.0.tgz",
      "integrity": "sha512-aPTXCrfwnDLj4VvXrm+UUCQjNEvJgNA8s5F1cvwQU+3KNltTOkBm1j30uNLyqqPNe7gE3KFzImYoZEfLhp4Yow==",
      "dev": true,
      "license": "MIT",
      "dependencies": {
        "undici-types": "~7.10.0"
      }
    },
    "node_modules/@types/vscode": {
      "version": "1.103.0",
      "resolved": "https://registry.npmjs.org/@types/vscode/-/vscode-1.103.0.tgz",
      "integrity": "sha512-o4hanZAQdNfsKecexq9L3eHICd0AAvdbLk6hA60UzGXbGH/q8b/9xv2RgR7vV3ZcHuyKVq7b37IGd/+gM4Tu+Q==",
      "dev": true,
      "license": "MIT"
    },
    "node_modules/@volar/language-core": {
      "version": "2.4.23",
      "resolved": "https://registry.npmjs.org/@volar/language-core/-/language-core-2.4.23.tgz",
      "integrity": "sha512-hEEd5ET/oSmBC6pi1j6NaNYRWoAiDhINbT8rmwtINugR39loROSlufGdYMF9TaKGfz+ViGs1Idi3mAhnuPcoGQ==",
      "license": "MIT",
      "dependencies": {
        "@volar/source-map": "2.4.23"
      }
    },
    "node_modules/@volar/source-map": {
      "version": "2.4.23",
      "resolved": "https://registry.npmjs.org/@volar/source-map/-/source-map-2.4.23.tgz",
      "integrity": "sha512-Z1Uc8IB57Lm6k7q6KIDu/p+JWtf3xsXJqAX/5r18hYOTpJyBn0KXUR8oTJ4WFYOcDzWC9n3IflGgHowx6U6z9Q==",
      "license": "MIT"
    },
    "node_modules/@volar/typescript": {
      "version": "2.4.23",
      "resolved": "https://registry.npmjs.org/@volar/typescript/-/typescript-2.4.23.tgz",
      "integrity": "sha512-lAB5zJghWxVPqfcStmAP1ZqQacMpe90UrP5RJ3arDyrhy4aCUQqmxPPLB2PWDKugvylmO41ljK7vZ+t6INMTag==",
      "license": "MIT",
      "dependencies": {
        "@volar/language-core": "2.4.23",
        "path-browserify": "^1.0.1",
        "vscode-uri": "^3.0.8"
      }
    },
    "node_modules/example": {
      "resolved": "packages/example",
      "link": true
    },
    "node_modules/path-browserify": {
      "version": "1.0.1",
      "resolved": "https://registry.npmjs.org/path-browserify/-/path-browserify-1.0.1.tgz",
      "integrity": "sha512-b7uo2UCUOYZcnF/3ID0lulOJi/bafxa1xPe7ZPsammBSpjSWQkjNxlt635YGS2MiR9GjvuXCtz2emr3jbsz98g==",
      "license": "MIT"
    },
    "node_modules/typescript": {
      "version": "5.9.2",
      "resolved": "https://registry.npmjs.org/typescript/-/typescript-5.9.2.tgz",
      "integrity": "sha512-CWBzXQrc/qOkhidw1OzBTQuYRbfyxDXJMVJ1XNwUHGROVmuaeiEm3OslpZ1RV96d7SKKjZKrSJu3+t/xlw3R9A==",
      "dev": true,
      "license": "Apache-2.0",
      "bin": {
        "tsc": "bin/tsc",
        "tsserver": "bin/tsserver"
      },
      "engines": {
        "node": ">=14.17"
      }
    },
    "node_modules/typescript-plugin-css-modules": {
      "resolved": "packages/ts-plugin",
      "link": true
    },
    "node_modules/undici-types": {
      "version": "7.10.0",
      "resolved": "https://registry.npmjs.org/undici-types/-/undici-types-7.10.0.tgz",
      "integrity": "sha512-t5Fy/nfn+14LuOc2KNYg75vZqClpAiqscVvMygNnlsHBFpSXdJaYtXMcdNLpl/Qvc3P2cB3s6lOV51nqsFq4ag==",
      "dev": true,
      "license": "MIT"
    },
    "node_modules/vscode-css-modules": {
      "resolved": "packages/vscode",
      "link": true
    },
    "node_modules/vscode-uri": {
      "version": "3.0.8",
      "resolved": "https://registry.npmjs.org/vscode-uri/-/vscode-uri-3.0.8.tgz",
      "integrity": "sha512-AyFQ0EVmsOZOlAnxoFOGOq1SQDWAB7C6aqMGS23svWAllfOaxbuFvcT8D1i8z3Gyn8fraVeZNNmN6e9bxxXkKw==",
      "license": "MIT"
    },
    "packages/example": {},
    "packages/ts-plugin": {
      "name": "typescript-plugin-css-modules",
      "license": "CC0-1.0",
      "dependencies": {
        "@volar/language-core": "~2.4.23",
        "@volar/typescript": "~2.4.23"
      }
    },
    "packages/vscode": {
      "name": "vscode-css-modules",
      "version": "0.0.0",
      "license": "MIT",
      "dependencies": {
        "typescript-plugin-css-modules": "../ts-plugin"
      },
      "engines": {
        "vscode": "^1.77.0"
      }
    }
  }
}
