{
  "name": "playground-volar-vscode-extension-on-ts-plugin",
  "lockfileVersion": 3,
  "requires": true,
  "packages": {
    "": {
      "name": "playground-volar-vscode-extension-on-ts-plugin",
      "license": "CC0-1.0",
      "workspaces": [
        "packages/ts-plugin",
        "packages/vscode",
        "packages/example"
      ],
      "devDependencies": {
        "@types/node": "^22.10.2",
        "@types/vscode": "^1.96.0",
        "typescript": "^5.7.2"
      }
    },
    "example": {
      "extraneous": true
    },
    "extension": {
      "name": "vscode-css-modules",
      "version": "0.0.0",
      "extraneous": true,
      "license": "MIT",
      "dependencies": {
        "typescript-plugin-css-modules": "../"
      },
      "engines": {
        "vscode": "^1.77.0"
      }
    },
    "node_modules/@types/node": {
      "version": "22.10.2",
      "resolved": "https://registry.npmjs.org/@types/node/-/node-22.10.2.tgz",
      "integrity": "sha512-Xxr6BBRCAOQixvonOye19wnzyDiUtTeqldOOmj3CkeblonbccA12PFwlufvRdrpjXxqnmUaeiU5EOA+7s5diUQ==",
      "dev": true,
      "license": "MIT",
      "dependencies": {
        "undici-types": "~6.20.0"
      }
    },
    "node_modules/@types/vscode": {
      "version": "1.96.0",
      "resolved": "https://registry.npmjs.org/@types/vscode/-/vscode-1.96.0.tgz",
      "integrity": "sha512-qvZbSZo+K4ZYmmDuaodMbAa67Pl6VDQzLKFka6rq+3WUTY4Kro7Bwoi0CuZLO/wema0ygcmpwow7zZfPJTs5jg==",
      "dev": true,
      "license": "MIT"
    },
    "node_modules/@volar/language-core": {
      "version": "2.4.11",
      "resolved": "https://registry.npmjs.org/@volar/language-core/-/language-core-2.4.11.tgz",
      "integrity": "sha512-lN2C1+ByfW9/JRPpqScuZt/4OrUUse57GLI6TbLgTIqBVemdl1wNcZ1qYGEo2+Gw8coYLgCy7SuKqn6IrQcQgg==",
      "license": "MIT",
      "dependencies": {
        "@volar/source-map": "2.4.11"
      }
    },
    "node_modules/@volar/source-map": {
      "version": "2.4.11",
      "resolved": "https://registry.npmjs.org/@volar/source-map/-/source-map-2.4.11.tgz",
      "integrity": "sha512-ZQpmafIGvaZMn/8iuvCFGrW3smeqkq/IIh9F1SdSx9aUl0J4Iurzd6/FhmjNO5g2ejF3rT45dKskgXWiofqlZQ==",
      "license": "MIT"
    },
    "node_modules/@volar/typescript": {
      "version": "2.4.11",
      "resolved": "https://registry.npmjs.org/@volar/typescript/-/typescript-2.4.11.tgz",
      "integrity": "sha512-2DT+Tdh88Spp5PyPbqhyoYavYCPDsqbHLFwcUI9K1NlY1YgUJvujGdrqUp0zWxnW7KWNTr3xSpMuv2WnaTKDAw==",
      "license": "MIT",
      "dependencies": {
        "@volar/language-core": "2.4.11",
        "path-browserify": "^1.0.1",
        "vscode-uri": "^3.0.8"
      }
    },
    "node_modules/example": {
      "resolved": "packages/example",
      "link": true
    },
    "node_modules/path-browserify": {
      "version": "1.0.1",
      "resolved": "https://registry.npmjs.org/path-browserify/-/path-browserify-1.0.1.tgz",
      "integrity": "sha512-b7uo2UCUOYZcnF/3ID0lulOJi/bafxa1xPe7ZPsammBSpjSWQkjNxlt635YGS2MiR9GjvuXCtz2emr3jbsz98g==",
      "license": "MIT"
    },
    "node_modules/typescript": {
      "version": "5.7.2",
      "resolved": "https://registry.npmjs.org/typescript/-/typescript-5.7.2.tgz",
      "integrity": "sha512-i5t66RHxDvVN40HfDd1PsEThGNnlMCMT3jMUuoh9/0TaqWevNontacunWyN02LA9/fIbEWlcHZcgTKb9QoaLfg==",
      "dev": true,
      "license": "Apache-2.0",
      "bin": {
        "tsc": "bin/tsc",
        "tsserver": "bin/tsserver"
      },
      "engines": {
        "node": ">=14.17"
      }
    },
    "node_modules/typescript-plugin-css-modules": {
      "resolved": "packages/ts-plugin",
      "link": true
    },
    "node_modules/undici-types": {
      "version": "6.20.0",
      "resolved": "https://registry.npmjs.org/undici-types/-/undici-types-6.20.0.tgz",
      "integrity": "sha512-Ny6QZ2Nju20vw1SRHe3d9jVu6gJ+4e3+MMpqu7pqE5HT6WsTSlce++GQmK5UXS8mzV8DSYHrQH+Xrf2jVcuKNg==",
      "dev": true,
      "license": "MIT"
    },
    "node_modules/vscode-css-modules": {
      "resolved": "packages/vscode",
      "link": true
    },
    "node_modules/vscode-uri": {
      "version": "3.0.8",
      "resolved": "https://registry.npmjs.org/vscode-uri/-/vscode-uri-3.0.8.tgz",
      "integrity": "sha512-AyFQ0EVmsOZOlAnxoFOGOq1SQDWAB7C6aqMGS23svWAllfOaxbuFvcT8D1i8z3Gyn8fraVeZNNmN6e9bxxXkKw==",
      "license": "MIT"
    },
    "packages/example": {},
    "packages/ts-plugin": {
      "name": "typescript-plugin-css-modules",
      "license": "CC0-1.0",
      "dependencies": {
        "@volar/language-core": "~2.4.11",
        "@volar/typescript": "~2.4.11"
      }
    },
    "packages/vscode": {
      "name": "vscode-css-modules",
      "version": "0.0.0",
      "license": "MIT",
      "dependencies": {
        "typescript-plugin-css-modules": "../ts-plugin"
      },
      "engines": {
        "vscode": "^1.77.0"
      }
    }
  }
}
